
Microsoft Visual Studio Solution File, Format Version 12.00
# Visual Studio Version 17
VisualStudioVersion = 17.12.35506.116
MinimumVisualStudioVersion = 10.0.40219.1
Project("{2150E333-8FDC-42A3-9474-1A3956D46DE8}") = "src", "src", "{B566AD5E-F7BA-4D6C-9448-5AE0C8006A97}"
EndProject
Project("{2150E333-8FDC-42A3-9474-1A3956D46DE8}") = "modules", "modules", "{822C3DA9-C456-4798-88C0-08F55FEA9AC6}"
EndProject
Project("{2150E333-8FDC-42A3-9474-1A3956D46DE8}") = "common", "common", "{C082CCB8-2732-4A46-88CE-060797910837}"
EndProject
Project("{2150E333-8FDC-42A3-9474-1A3956D46DE8}") = "api", "api", "{922F3D27-6430-4824-AF9C-2EA005EA17D8}"
EndProject
Project("{FAE04EC0-301F-11D3-BF4B-00C04F79EFBC}") = "Common.Domain", "src\common\Common.Domain\Common.Domain.csproj", "{660968A0-3257-4F5D-B4AC-252B52A713BA}"
EndProject
Project("{FAE04EC0-301F-11D3-BF4B-00C04F79EFBC}") = "Common.Infrastructure", "src\common\Common.Infrastructure\Common.Infrastructure.csproj", "{C5C032A6-1540-4F93-82DD-46CBF1858EDF}"
EndProject
Project("{FAE04EC0-301F-11D3-BF4B-00C04F79EFBC}") = "Common.Application", "src\common\Common.Application\Common.Application.csproj", "{6EEB6E03-4618-43C8-9876-5FF30D951F5C}"
EndProject
Project("{FAE04EC0-301F-11D3-BF4B-00C04F79EFBC}") = "Common.Presentation", "src\common\Common.Presentation\Common.Presentation.csproj", "{D15DA012-D39B-4C77-9A3B-2E595555986D}"
EndProject
Project("{2150E333-8FDC-42A3-9474-1A3956D46DE8}") = "system", "system", "{081012ED-A386-4592-BFB4-A02959F63B31}"
EndProject
Project("{FAE04EC0-301F-11D3-BF4B-00C04F79EFBC}") = "System.Application", "src\modules\system\System.Application\System.Application.csproj", "{DA547A16-6076-4FB2-9A93-0AEEAA137BDE}"
EndProject
Project("{FAE04EC0-301F-11D3-BF4B-00C04F79EFBC}") = "System.Presentation", "src\modules\system\System.Presentation\System.Presentation.csproj", "{F8F52F2D-EAB7-4994-AAE2-444945CE5182}"
EndProject
Project("{FAE04EC0-301F-11D3-BF4B-00C04F79EFBC}") = "System.Infrastructure", "src\modules\system\System.Infrastructure\System.Infrastructure.csproj", "{B1F26F40-692F-4206-89D4-3A5FC1F39A2D}"
EndProject
Project("{FAE04EC0-301F-11D3-BF4B-00C04F79EFBC}") = "System.Domain", "src\modules\system\System.Domain\System.Domain.csproj", "{99BA78C5-742F-49EA-A93F-B8D101E888E7}"
EndProject
Project("{2150E333-8FDC-42A3-9474-1A3956D46DE8}") = "solution-items", "solution-items", "{BD065B3F-B2D1-4C28-98FB-678CB72F862A}"
	ProjectSection(SolutionItems) = preProject
		.dockerignore = .dockerignore
		.editorconfig = .editorconfig
		.gitattributes = .gitattributes
		.gitignore = .gitignore
		Directory.Build.props = Directory.Build.props
		Directory.Packages.Props = Directory.Packages.Props
	EndProjectSection
EndProject
Project("{FAE04EC0-301F-11D3-BF4B-00C04F79EFBC}") = "System.IntegrationEvents", "src\modules\system\System.IntegrationEvents\System.IntegrationEvents.csproj", "{3EE7ADCD-175E-4149-994F-4FA1D3FC141E}"
EndProject
Project("{E53339B2-1760-4266-BCC7-CA923CBCF16C}") = "docker-compose", "docker-compose.dcproj", "{0226423E-2612-4655-85C0-F21750ED85EC}"
EndProject
Project("{2150E333-8FDC-42A3-9474-1A3956D46DE8}") = "parent", "parent", "{85FB6A18-D015-4BD2-83F4-6FF84E141816}"
EndProject
Project("{FAE04EC0-301F-11D3-BF4B-00C04F79EFBC}") = "Parent.Application", "src\modules\parent\Parent.Application\Parent.Application.csproj", "{5FC2A1CA-86CD-46F2-9E06-ED80B6C8E526}"
EndProject
Project("{FAE04EC0-301F-11D3-BF4B-00C04F79EFBC}") = "Parent.Domain", "src\modules\parent\Parent.Domain\Parent.Domain.csproj", "{C59CD407-CBB7-4150-A578-2CD9623BE9E0}"
EndProject
Project("{FAE04EC0-301F-11D3-BF4B-00C04F79EFBC}") = "Parent.Infrastructure", "src\modules\parent\Parent.Infrastructure\Parent.Infrastructure.csproj", "{6D63D72E-DDE0-4BA3-9934-747BB6DE3A36}"
EndProject
Project("{FAE04EC0-301F-11D3-BF4B-00C04F79EFBC}") = "Parent.Presentation", "src\modules\parent\Parent.Presentation\Parent.Presentation.csproj", "{1CC120D0-56E8-4CD6-ADE6-54E42E7AED68}"
EndProject
Project("{FAE04EC0-301F-11D3-BF4B-00C04F79EFBC}") = "Parent.IntegrationEvents", "src\modules\parent\Parent.IntegrationEvents\Parent.IntegrationEvents.csproj", "{287DABD6-1561-48CA-BF1B-694369BD6A0B}"
EndProject
Project("{2150E333-8FDC-42A3-9474-1A3956D46DE8}") = "store", "store", "{B5EB56DB-DE69-4263-AB9E-B5B8DE4DCA22}"
EndProject
Project("{FAE04EC0-301F-11D3-BF4B-00C04F79EFBC}") = "Store.Domain", "src\modules\store\Store.Domain\Store.Domain.csproj", "{0EBFCF00-960C-4C4E-888A-127F932E0C38}"
EndProject
Project("{FAE04EC0-301F-11D3-BF4B-00C04F79EFBC}") = "Store.Infrastructure", "src\modules\store\Store.Infrastructure\Store.Infrastructure.csproj", "{67EC3D8B-C95F-414A-9D5C-BB09F580B8F7}"
EndProject
Project("{FAE04EC0-301F-11D3-BF4B-00C04F79EFBC}") = "Store.Application", "src\modules\store\Store.Application\Store.Application.csproj", "{D4D1946A-E8A4-4F2B-86FB-F5BD27D9AA42}"
EndProject
Project("{FAE04EC0-301F-11D3-BF4B-00C04F79EFBC}") = "Store.Presentation", "src\modules\store\Store.Presentation\Store.Presentation.csproj", "{E29BEBB4-313E-4D57-8136-8626DE8E93F8}"
EndProject
Project("{FAE04EC0-301F-11D3-BF4B-00C04F79EFBC}") = "Store.IntegrationEvents", "src\modules\store\Store.IntegrationEvents\Store.IntegrationEvents.csproj", "{63E3199E-BBBB-451A-89F1-FB4F414FAC2A}"
EndProject
Project("{2150E333-8FDC-42A3-9474-1A3956D46DE8}") = "deployment", "deployment", "{73CF714E-5F49-48E5-B121-0EDBD1528E0D}"
	ProjectSection(SolutionItems) = preProject
		deployment\argo-pipeline.yaml = deployment\argo-pipeline.yaml
		deployment\docker-compose.gateway.yml = deployment\docker-compose.gateway.yml
		deployment\starter-deployment.yaml = deployment\starter-deployment.yaml
	EndProjectSection
EndProject
Project("{FAE04EC0-301F-11D3-BF4B-00C04F79EFBC}") = "Parent.API", "src\api\Parent.API\Parent.API.csproj", "{7B4D5C60-A923-4902-A0EF-CA5DD484B08B}"
EndProject
Project("{FAE04EC0-301F-11D3-BF4B-00C04F79EFBC}") = "Gateway.API", "src\api\Gateway.API\Gateway.API.csproj", "{FA20ECCE-D2C3-45D9-88FB-90381622B391}"
EndProject
Project("{FAE04EC0-301F-11D3-BF4B-00C04F79EFBC}") = "Child1.API", "src\api\Child1.API\Child1.API.csproj", "{ED78233C-9BBA-4E6A-B50C-569EA34E294F}"
EndProject
Project("{2150E333-8FDC-42A3-9474-1A3956D46DE8}") = "apps", "apps", "{36565399-E8FD-4238-BD68-3479577607C7}"
EndProject
Project("{2150E333-8FDC-42A3-9474-1A3956D46DE8}") = "blazor-wasm", "blazor-wasm", "{FA11FC64-ADA0-4A06-AC29-17F624E1F920}"
EndProject
Project("{FAE04EC0-301F-11D3-BF4B-00C04F79EFBC}") = "BlazorTemplate.Client", "src\apps\blazor\BlazorTemplate.Client\BlazorTemplate.Client.csproj", "{14BD35A7-96DF-46CF-B272-ABB06DED85E6}"
EndProject
Project("{FAE04EC0-301F-11D3-BF4B-00C04F79EFBC}") = "BlazorTemplate.Common", "src\apps\blazor\BlazorTemplate.Common\BlazorTemplate.Common.csproj", "{95F50DF6-F6B3-434C-9D70-DDE53ED8E894}"
EndProject
Project("{FAE04EC0-301F-11D3-BF4B-00C04F79EFBC}") = "BlazorTemplate.Server", "src\apps\blazor\BlazorTemplate.Server\BlazorTemplate.Server.csproj", "{342DDD68-AA8F-424A-A999-85235B1CD859}"
EndProject
Project("{2150E333-8FDC-42A3-9474-1A3956D46DE8}") = "blazor-wasm-pwa", "blazor-wasm-pwa", "{CF0FF0A8-8ACF-4950-9643-8D2EE36CD5CB}"
EndProject
Project("{FAE04EC0-301F-11D3-BF4B-00C04F79EFBC}") = "BlazorWasmTemplate", "src\apps\blazor-wasm-pwa\BlazorWasmTemplate\BlazorWasmTemplate.csproj", "{B977C656-0EE4-4959-AE78-6C322B73BB41}"
EndProject
Project("{FAE04EC0-301F-11D3-BF4B-00C04F79EFBC}") = "BlazorWasmTemplate.Server", "src\apps\blazor-wasm-pwa\BlazorWasmTemplate.Server\BlazorWasmTemplate.Server.csproj", "{706324CC-EFC8-4C21-9B72-1E54516BEF23}"
EndProject
Project("{2150E333-8FDC-42A3-9474-1A3956D46DE8}") = "blazor-common", "blazor-common", "{F5F16F09-E38A-454F-A132-26C20BC72F8E}"
EndProject
Project("{FAE04EC0-301F-11D3-BF4B-00C04F79EFBC}") = "Blazor.Common", "src\apps\blazor-common\Blazor.Common\Blazor.Common.csproj", "{BA085A36-4F96-40B3-B8C4-27B696B1A18E}"
EndProject
Project("{2150E333-8FDC-42A3-9474-1A3956D46DE8}") = "blazor-server", "blazor-server", "{02EA681E-C7D8-13C7-8484-4AC65E1B71E8}"
EndProject
Project("{FAE04EC0-301F-11D3-BF4B-00C04F79EFBC}") = "BlazorServerApp", "src\apps\blazor-server\BlazorServerApp\BlazorServerApp.csproj", "{33BD54ED-D9D8-4534-A359-BA07C377EB82}"
EndProject
Project("{2150E333-8FDC-42A3-9474-1A3956D46DE8}") = "information", "information", "{980B1A75-AE90-4555-ACD3-169591BF7976}"
	ProjectSection(SolutionItems) = preProject
		information\blazor-checkpoint.txt = information\blazor-checkpoint.txt
		information\packages.txt = information\packages.txt
		information\pipeline.txt = information\pipeline.txt
		information\scripts.txt = information\scripts.txt
		information\Tasks.txt = information\Tasks.txt
	EndProjectSection
EndProject
Project("{FAE04EC0-301F-11D3-BF4B-00C04F79EFBC}") = "System.API", "src\api\System.API\System.API.csproj", "{1A21D871-C855-4E34-A40A-D9889DC229A0}"
EndProject
Global
	GlobalSection(SolutionConfigurationPlatforms) = preSolution
		Debug|Any CPU = Debug|Any CPU
		Release|Any CPU = Release|Any CPU
	EndGlobalSection
	GlobalSection(ProjectConfigurationPlatforms) = postSolution
		{660968A0-3257-4F5D-B4AC-252B52A713BA}.Debug|Any CPU.ActiveCfg = Debug|Any CPU
		{660968A0-3257-4F5D-B4AC-252B52A713BA}.Debug|Any CPU.Build.0 = Debug|Any CPU
		{660968A0-3257-4F5D-B4AC-252B52A713BA}.Release|Any CPU.ActiveCfg = Release|Any CPU
		{660968A0-3257-4F5D-B4AC-252B52A713BA}.Release|Any CPU.Build.0 = Release|Any CPU
		{C5C032A6-1540-4F93-82DD-46CBF1858EDF}.Debug|Any CPU.ActiveCfg = Debug|Any CPU
		{C5C032A6-1540-4F93-82DD-46CBF1858EDF}.Debug|Any CPU.Build.0 = Debug|Any CPU
		{C5C032A6-1540-4F93-82DD-46CBF1858EDF}.Release|Any CPU.ActiveCfg = Release|Any CPU
		{C5C032A6-1540-4F93-82DD-46CBF1858EDF}.Release|Any CPU.Build.0 = Release|Any CPU
		{6EEB6E03-4618-43C8-9876-5FF30D951F5C}.Debug|Any CPU.ActiveCfg = Debug|Any CPU
		{6EEB6E03-4618-43C8-9876-5FF30D951F5C}.Debug|Any CPU.Build.0 = Debug|Any CPU
		{6EEB6E03-4618-43C8-9876-5FF30D951F5C}.Release|Any CPU.ActiveCfg = Release|Any CPU
		{6EEB6E03-4618-43C8-9876-5FF30D951F5C}.Release|Any CPU.Build.0 = Release|Any CPU
		{D15DA012-D39B-4C77-9A3B-2E595555986D}.Debug|Any CPU.ActiveCfg = Debug|Any CPU
		{D15DA012-D39B-4C77-9A3B-2E595555986D}.Debug|Any CPU.Build.0 = Debug|Any CPU
		{D15DA012-D39B-4C77-9A3B-2E595555986D}.Release|Any CPU.ActiveCfg = Release|Any CPU
		{D15DA012-D39B-4C77-9A3B-2E595555986D}.Release|Any CPU.Build.0 = Release|Any CPU
		{DA547A16-6076-4FB2-9A93-0AEEAA137BDE}.Debug|Any CPU.ActiveCfg = Debug|Any CPU
		{DA547A16-6076-4FB2-9A93-0AEEAA137BDE}.Debug|Any CPU.Build.0 = Debug|Any CPU
		{DA547A16-6076-4FB2-9A93-0AEEAA137BDE}.Release|Any CPU.ActiveCfg = Release|Any CPU
		{DA547A16-6076-4FB2-9A93-0AEEAA137BDE}.Release|Any CPU.Build.0 = Release|Any CPU
		{F8F52F2D-EAB7-4994-AAE2-444945CE5182}.Debug|Any CPU.ActiveCfg = Debug|Any CPU
		{F8F52F2D-EAB7-4994-AAE2-444945CE5182}.Debug|Any CPU.Build.0 = Debug|Any CPU
		{F8F52F2D-EAB7-4994-AAE2-444945CE5182}.Release|Any CPU.ActiveCfg = Release|Any CPU
		{F8F52F2D-EAB7-4994-AAE2-444945CE5182}.Release|Any CPU.Build.0 = Release|Any CPU
		{B1F26F40-692F-4206-89D4-3A5FC1F39A2D}.Debug|Any CPU.ActiveCfg = Debug|Any CPU
		{B1F26F40-692F-4206-89D4-3A5FC1F39A2D}.Debug|Any CPU.Build.0 = Debug|Any CPU
		{B1F26F40-692F-4206-89D4-3A5FC1F39A2D}.Release|Any CPU.ActiveCfg = Release|Any CPU
		{B1F26F40-692F-4206-89D4-3A5FC1F39A2D}.Release|Any CPU.Build.0 = Release|Any CPU
		{99BA78C5-742F-49EA-A93F-B8D101E888E7}.Debug|Any CPU.ActiveCfg = Debug|Any CPU
		{99BA78C5-742F-49EA-A93F-B8D101E888E7}.Debug|Any CPU.Build.0 = Debug|Any CPU
		{99BA78C5-742F-49EA-A93F-B8D101E888E7}.Release|Any CPU.ActiveCfg = Release|Any CPU
		{99BA78C5-742F-49EA-A93F-B8D101E888E7}.Release|Any CPU.Build.0 = Release|Any CPU
		{3EE7ADCD-175E-4149-994F-4FA1D3FC141E}.Debug|Any CPU.ActiveCfg = Debug|Any CPU
		{3EE7ADCD-175E-4149-994F-4FA1D3FC141E}.Debug|Any CPU.Build.0 = Debug|Any CPU
		{3EE7ADCD-175E-4149-994F-4FA1D3FC141E}.Release|Any CPU.ActiveCfg = Release|Any CPU
		{3EE7ADCD-175E-4149-994F-4FA1D3FC141E}.Release|Any CPU.Build.0 = Release|Any CPU
		{0226423E-2612-4655-85C0-F21750ED85EC}.Debug|Any CPU.ActiveCfg = Debug|Any CPU
		{0226423E-2612-4655-85C0-F21750ED85EC}.Debug|Any CPU.Build.0 = Debug|Any CPU
		{0226423E-2612-4655-85C0-F21750ED85EC}.Release|Any CPU.ActiveCfg = Release|Any CPU
		{0226423E-2612-4655-85C0-F21750ED85EC}.Release|Any CPU.Build.0 = Release|Any CPU
		{5FC2A1CA-86CD-46F2-9E06-ED80B6C8E526}.Debug|Any CPU.ActiveCfg = Debug|Any CPU
		{5FC2A1CA-86CD-46F2-9E06-ED80B6C8E526}.Debug|Any CPU.Build.0 = Debug|Any CPU
		{5FC2A1CA-86CD-46F2-9E06-ED80B6C8E526}.Release|Any CPU.ActiveCfg = Release|Any CPU
		{5FC2A1CA-86CD-46F2-9E06-ED80B6C8E526}.Release|Any CPU.Build.0 = Release|Any CPU
		{C59CD407-CBB7-4150-A578-2CD9623BE9E0}.Debug|Any CPU.ActiveCfg = Debug|Any CPU
		{C59CD407-CBB7-4150-A578-2CD9623BE9E0}.Debug|Any CPU.Build.0 = Debug|Any CPU
		{C59CD407-CBB7-4150-A578-2CD9623BE9E0}.Release|Any CPU.ActiveCfg = Release|Any CPU
		{C59CD407-CBB7-4150-A578-2CD9623BE9E0}.Release|Any CPU.Build.0 = Release|Any CPU
		{6D63D72E-DDE0-4BA3-9934-747BB6DE3A36}.Debug|Any CPU.ActiveCfg = Debug|Any CPU
		{6D63D72E-DDE0-4BA3-9934-747BB6DE3A36}.Debug|Any CPU.Build.0 = Debug|Any CPU
		{6D63D72E-DDE0-4BA3-9934-747BB6DE3A36}.Release|Any CPU.ActiveCfg = Release|Any CPU
		{6D63D72E-DDE0-4BA3-9934-747BB6DE3A36}.Release|Any CPU.Build.0 = Release|Any CPU
		{1CC120D0-56E8-4CD6-ADE6-54E42E7AED68}.Debug|Any CPU.ActiveCfg = Debug|Any CPU
		{1CC120D0-56E8-4CD6-ADE6-54E42E7AED68}.Debug|Any CPU.Build.0 = Debug|Any CPU
		{1CC120D0-56E8-4CD6-ADE6-54E42E7AED68}.Release|Any CPU.ActiveCfg = Release|Any CPU
		{1CC120D0-56E8-4CD6-ADE6-54E42E7AED68}.Release|Any CPU.Build.0 = Release|Any CPU
		{287DABD6-1561-48CA-BF1B-694369BD6A0B}.Debug|Any CPU.ActiveCfg = Debug|Any CPU
		{287DABD6-1561-48CA-BF1B-694369BD6A0B}.Debug|Any CPU.Build.0 = Debug|Any CPU
		{287DABD6-1561-48CA-BF1B-694369BD6A0B}.Release|Any CPU.ActiveCfg = Release|Any CPU
		{287DABD6-1561-48CA-BF1B-694369BD6A0B}.Release|Any CPU.Build.0 = Release|Any CPU
		{0EBFCF00-960C-4C4E-888A-127F932E0C38}.Debug|Any CPU.ActiveCfg = Debug|Any CPU
		{0EBFCF00-960C-4C4E-888A-127F932E0C38}.Debug|Any CPU.Build.0 = Debug|Any CPU
		{0EBFCF00-960C-4C4E-888A-127F932E0C38}.Release|Any CPU.ActiveCfg = Release|Any CPU
		{0EBFCF00-960C-4C4E-888A-127F932E0C38}.Release|Any CPU.Build.0 = Release|Any CPU
		{67EC3D8B-C95F-414A-9D5C-BB09F580B8F7}.Debug|Any CPU.ActiveCfg = Debug|Any CPU
		{67EC3D8B-C95F-414A-9D5C-BB09F580B8F7}.Debug|Any CPU.Build.0 = Debug|Any CPU
		{67EC3D8B-C95F-414A-9D5C-BB09F580B8F7}.Release|Any CPU.ActiveCfg = Release|Any CPU
		{67EC3D8B-C95F-414A-9D5C-BB09F580B8F7}.Release|Any CPU.Build.0 = Release|Any CPU
		{D4D1946A-E8A4-4F2B-86FB-F5BD27D9AA42}.Debug|Any CPU.ActiveCfg = Debug|Any CPU
		{D4D1946A-E8A4-4F2B-86FB-F5BD27D9AA42}.Debug|Any CPU.Build.0 = Debug|Any CPU
		{D4D1946A-E8A4-4F2B-86FB-F5BD27D9AA42}.Release|Any CPU.ActiveCfg = Release|Any CPU
		{D4D1946A-E8A4-4F2B-86FB-F5BD27D9AA42}.Release|Any CPU.Build.0 = Release|Any CPU
		{E29BEBB4-313E-4D57-8136-8626DE8E93F8}.Debug|Any CPU.ActiveCfg = Debug|Any CPU
		{E29BEBB4-313E-4D57-8136-8626DE8E93F8}.Debug|Any CPU.Build.0 = Debug|Any CPU
		{E29BEBB4-313E-4D57-8136-8626DE8E93F8}.Release|Any CPU.ActiveCfg = Release|Any CPU
		{E29BEBB4-313E-4D57-8136-8626DE8E93F8}.Release|Any CPU.Build.0 = Release|Any CPU
		{63E3199E-BBBB-451A-89F1-FB4F414FAC2A}.Debug|Any CPU.ActiveCfg = Debug|Any CPU
		{63E3199E-BBBB-451A-89F1-FB4F414FAC2A}.Debug|Any CPU.Build.0 = Debug|Any CPU
		{63E3199E-BBBB-451A-89F1-FB4F414FAC2A}.Release|Any CPU.ActiveCfg = Release|Any CPU
		{63E3199E-BBBB-451A-89F1-FB4F414FAC2A}.Release|Any CPU.Build.0 = Release|Any CPU
		{7B4D5C60-A923-4902-A0EF-CA5DD484B08B}.Debug|Any CPU.ActiveCfg = Debug|Any CPU
		{7B4D5C60-A923-4902-A0EF-CA5DD484B08B}.Debug|Any CPU.Build.0 = Debug|Any CPU
		{7B4D5C60-A923-4902-A0EF-CA5DD484B08B}.Release|Any CPU.ActiveCfg = Release|Any CPU
		{7B4D5C60-A923-4902-A0EF-CA5DD484B08B}.Release|Any CPU.Build.0 = Release|Any CPU
		{FA20ECCE-D2C3-45D9-88FB-90381622B391}.Debug|Any CPU.ActiveCfg = Debug|Any CPU
		{FA20ECCE-D2C3-45D9-88FB-90381622B391}.Debug|Any CPU.Build.0 = Debug|Any CPU
		{FA20ECCE-D2C3-45D9-88FB-90381622B391}.Release|Any CPU.ActiveCfg = Release|Any CPU
		{FA20ECCE-D2C3-45D9-88FB-90381622B391}.Release|Any CPU.Build.0 = Release|Any CPU
		{ED78233C-9BBA-4E6A-B50C-569EA34E294F}.Debug|Any CPU.ActiveCfg = Debug|Any CPU
		{ED78233C-9BBA-4E6A-B50C-569EA34E294F}.Debug|Any CPU.Build.0 = Debug|Any CPU
		{ED78233C-9BBA-4E6A-B50C-569EA34E294F}.Release|Any CPU.ActiveCfg = Release|Any CPU
		{ED78233C-9BBA-4E6A-B50C-569EA34E294F}.Release|Any CPU.Build.0 = Release|Any CPU
		{14BD35A7-96DF-46CF-B272-ABB06DED85E6}.Debug|Any CPU.ActiveCfg = Debug|Any CPU
		{14BD35A7-96DF-46CF-B272-ABB06DED85E6}.Debug|Any CPU.Build.0 = Debug|Any CPU
		{14BD35A7-96DF-46CF-B272-ABB06DED85E6}.Release|Any CPU.ActiveCfg = Release|Any CPU
		{14BD35A7-96DF-46CF-B272-ABB06DED85E6}.Release|Any CPU.Build.0 = Release|Any CPU
		{95F50DF6-F6B3-434C-9D70-DDE53ED8E894}.Debug|Any CPU.ActiveCfg = Debug|Any CPU
		{95F50DF6-F6B3-434C-9D70-DDE53ED8E894}.Debug|Any CPU.Build.0 = Debug|Any CPU
		{95F50DF6-F6B3-434C-9D70-DDE53ED8E894}.Release|Any CPU.ActiveCfg = Release|Any CPU
		{95F50DF6-F6B3-434C-9D70-DDE53ED8E894}.Release|Any CPU.Build.0 = Release|Any CPU
		{342DDD68-AA8F-424A-A999-85235B1CD859}.Debug|Any CPU.ActiveCfg = Debug|Any CPU
		{342DDD68-AA8F-424A-A999-85235B1CD859}.Debug|Any CPU.Build.0 = Debug|Any CPU
		{342DDD68-AA8F-424A-A999-85235B1CD859}.Release|Any CPU.ActiveCfg = Release|Any CPU
		{342DDD68-AA8F-424A-A999-85235B1CD859}.Release|Any CPU.Build.0 = Release|Any CPU
		{B977C656-0EE4-4959-AE78-6C322B73BB41}.Debug|Any CPU.ActiveCfg = Debug|Any CPU
		{B977C656-0EE4-4959-AE78-6C322B73BB41}.Debug|Any CPU.Build.0 = Debug|Any CPU
		{B977C656-0EE4-4959-AE78-6C322B73BB41}.Release|Any CPU.ActiveCfg = Release|Any CPU
		{B977C656-0EE4-4959-AE78-6C322B73BB41}.Release|Any CPU.Build.0 = Release|Any CPU
		{706324CC-EFC8-4C21-9B72-1E54516BEF23}.Debug|Any CPU.ActiveCfg = Debug|Any CPU
		{706324CC-EFC8-4C21-9B72-1E54516BEF23}.Debug|Any CPU.Build.0 = Debug|Any CPU
		{706324CC-EFC8-4C21-9B72-1E54516BEF23}.Release|Any CPU.ActiveCfg = Release|Any CPU
		{706324CC-EFC8-4C21-9B72-1E54516BEF23}.Release|Any CPU.Build.0 = Release|Any CPU
		{BA085A36-4F96-40B3-B8C4-27B696B1A18E}.Debug|Any CPU.ActiveCfg = Debug|Any CPU
		{BA085A36-4F96-40B3-B8C4-27B696B1A18E}.Debug|Any CPU.Build.0 = Debug|Any CPU
		{BA085A36-4F96-40B3-B8C4-27B696B1A18E}.Release|Any CPU.ActiveCfg = Release|Any CPU
		{BA085A36-4F96-40B3-B8C4-27B696B1A18E}.Release|Any CPU.Build.0 = Release|Any CPU
		{33BD54ED-D9D8-4534-A359-BA07C377EB82}.Debug|Any CPU.ActiveCfg = Debug|Any CPU
		{33BD54ED-D9D8-4534-A359-BA07C377EB82}.Debug|Any CPU.Build.0 = Debug|Any CPU
		{33BD54ED-D9D8-4534-A359-BA07C377EB82}.Release|Any CPU.ActiveCfg = Release|Any CPU
		{33BD54ED-D9D8-4534-A359-BA07C377EB82}.Release|Any CPU.Build.0 = Release|Any CPU
		{1A21D871-C855-4E34-A40A-D9889DC229A0}.Debug|Any CPU.ActiveCfg = Debug|Any CPU
		{1A21D871-C855-4E34-A40A-D9889DC229A0}.Debug|Any CPU.Build.0 = Debug|Any CPU
		{1A21D871-C855-4E34-A40A-D9889DC229A0}.Release|Any CPU.ActiveCfg = Release|Any CPU
		{1A21D871-C855-4E34-A40A-D9889DC229A0}.Release|Any CPU.Build.0 = Release|Any CPU
	EndGlobalSection
	GlobalSection(SolutionProperties) = preSolution
		HideSolutionNode = FALSE
	EndGlobalSection
	GlobalSection(NestedProjects) = preSolution
		{822C3DA9-C456-4798-88C0-08F55FEA9AC6} = {B566AD5E-F7BA-4D6C-9448-5AE0C8006A97}
		{C082CCB8-2732-4A46-88CE-060797910837} = {B566AD5E-F7BA-4D6C-9448-5AE0C8006A97}
		{922F3D27-6430-4824-AF9C-2EA005EA17D8} = {B566AD5E-F7BA-4D6C-9448-5AE0C8006A97}
		{660968A0-3257-4F5D-B4AC-252B52A713BA} = {C082CCB8-2732-4A46-88CE-060797910837}
		{C5C032A6-1540-4F93-82DD-46CBF1858EDF} = {C082CCB8-2732-4A46-88CE-060797910837}
		{6EEB6E03-4618-43C8-9876-5FF30D951F5C} = {C082CCB8-2732-4A46-88CE-060797910837}
		{D15DA012-D39B-4C77-9A3B-2E595555986D} = {C082CCB8-2732-4A46-88CE-060797910837}
		{081012ED-A386-4592-BFB4-A02959F63B31} = {822C3DA9-C456-4798-88C0-08F55FEA9AC6}
		{DA547A16-6076-4FB2-9A93-0AEEAA137BDE} = {081012ED-A386-4592-BFB4-A02959F63B31}
		{F8F52F2D-EAB7-4994-AAE2-444945CE5182} = {081012ED-A386-4592-BFB4-A02959F63B31}
		{B1F26F40-692F-4206-89D4-3A5FC1F39A2D} = {081012ED-A386-4592-BFB4-A02959F63B31}
		{99BA78C5-742F-49EA-A93F-B8D101E888E7} = {081012ED-A386-4592-BFB4-A02959F63B31}
		{3EE7ADCD-175E-4149-994F-4FA1D3FC141E} = {081012ED-A386-4592-BFB4-A02959F63B31}
		{85FB6A18-D015-4BD2-83F4-6FF84E141816} = {822C3DA9-C456-4798-88C0-08F55FEA9AC6}
		{5FC2A1CA-86CD-46F2-9E06-ED80B6C8E526} = {85FB6A18-D015-4BD2-83F4-6FF84E141816}
		{C59CD407-CBB7-4150-A578-2CD9623BE9E0} = {85FB6A18-D015-4BD2-83F4-6FF84E141816}
		{6D63D72E-DDE0-4BA3-9934-747BB6DE3A36} = {85FB6A18-D015-4BD2-83F4-6FF84E141816}
		{1CC120D0-56E8-4CD6-ADE6-54E42E7AED68} = {85FB6A18-D015-4BD2-83F4-6FF84E141816}
		{287DABD6-1561-48CA-BF1B-694369BD6A0B} = {85FB6A18-D015-4BD2-83F4-6FF84E141816}
		{B5EB56DB-DE69-4263-AB9E-B5B8DE4DCA22} = {822C3DA9-C456-4798-88C0-08F55FEA9AC6}
		{0EBFCF00-960C-4C4E-888A-127F932E0C38} = {B5EB56DB-DE69-4263-AB9E-B5B8DE4DCA22}
		{67EC3D8B-C95F-414A-9D5C-BB09F580B8F7} = {B5EB56DB-DE69-4263-AB9E-B5B8DE4DCA22}
		{D4D1946A-E8A4-4F2B-86FB-F5BD27D9AA42} = {B5EB56DB-DE69-4263-AB9E-B5B8DE4DCA22}
		{E29BEBB4-313E-4D57-8136-8626DE8E93F8} = {B5EB56DB-DE69-4263-AB9E-B5B8DE4DCA22}
		{63E3199E-BBBB-451A-89F1-FB4F414FAC2A} = {B5EB56DB-DE69-4263-AB9E-B5B8DE4DCA22}
		{7B4D5C60-A923-4902-A0EF-CA5DD484B08B} = {922F3D27-6430-4824-AF9C-2EA005EA17D8}
		{FA20ECCE-D2C3-45D9-88FB-90381622B391} = {922F3D27-6430-4824-AF9C-2EA005EA17D8}
		{ED78233C-9BBA-4E6A-B50C-569EA34E294F} = {922F3D27-6430-4824-AF9C-2EA005EA17D8}
		{36565399-E8FD-4238-BD68-3479577607C7} = {B566AD5E-F7BA-4D6C-9448-5AE0C8006A97}
		{FA11FC64-ADA0-4A06-AC29-17F624E1F920} = {36565399-E8FD-4238-BD68-3479577607C7}
		{14BD35A7-96DF-46CF-B272-ABB06DED85E6} = {FA11FC64-ADA0-4A06-AC29-17F624E1F920}
		{95F50DF6-F6B3-434C-9D70-DDE53ED8E894} = {FA11FC64-ADA0-4A06-AC29-17F624E1F920}
		{342DDD68-AA8F-424A-A999-85235B1CD859} = {FA11FC64-ADA0-4A06-AC29-17F624E1F920}
		{CF0FF0A8-8ACF-4950-9643-8D2EE36CD5CB} = {36565399-E8FD-4238-BD68-3479577607C7}
		{B977C656-0EE4-4959-AE78-6C322B73BB41} = {CF0FF0A8-8ACF-4950-9643-8D2EE36CD5CB}
		{706324CC-EFC8-4C21-9B72-1E54516BEF23} = {CF0FF0A8-8ACF-4950-9643-8D2EE36CD5CB}
		{F5F16F09-E38A-454F-A132-26C20BC72F8E} = {36565399-E8FD-4238-BD68-3479577607C7}
		{BA085A36-4F96-40B3-B8C4-27B696B1A18E} = {F5F16F09-E38A-454F-A132-26C20BC72F8E}
		{02EA681E-C7D8-13C7-8484-4AC65E1B71E8} = {36565399-E8FD-4238-BD68-3479577607C7}
		{33BD54ED-D9D8-4534-A359-BA07C377EB82} = {02EA681E-C7D8-13C7-8484-4AC65E1B71E8}
		{1A21D871-C855-4E34-A40A-D9889DC229A0} = {922F3D27-6430-4824-AF9C-2EA005EA17D8}
	EndGlobalSection
	GlobalSection(ExtensibilityGlobals) = postSolution
		SolutionGuid = {F792E4FB-5A8C-42FC-8EBE-1A5D70CFA95D}
		FileExplorer = 
	EndGlobalSection
EndGlobal
